
Microsoft Visual Studio Solution File, Format Version 12.00
# Visual Studio 2015
Project("{FAE04EC0-301F-11D3-BF4B-00C04F79EFBC}") = "Procedural_Dungeon", "Procedural_Dungeon.csproj", "{23F74C2A-DC3B-9D9A-CFA7-CB3E60D1CEDC}"
EndProject
Project("{FAE04EC0-301F-11D3-BF4B-00C04F79EFBC}") = "Procedural_Dungeon.Editor", "Procedural_Dungeon.Editor.csproj", "{8321ACCB-3390-68D6-43ED-E6B1AF373E5B}"
EndProject
Global
	GlobalSection(SolutionConfigurationPlatforms) = preSolution
		Debug|Any CPU = Debug|Any CPU
		Release|Any CPU = Release|Any CPU
	EndGlobalSection
	GlobalSection(ProjectConfigurationPlatforms) = postSolution
		{23F74C2A-DC3B-9D9A-CFA7-CB3E60D1CEDC}.Debug|Any CPU.ActiveCfg = Debug|Any CPU
		{23F74C2A-DC3B-9D9A-CFA7-CB3E60D1CEDC}.Debug|Any CPU.Build.0 = Debug|Any CPU
		{23F74C2A-DC3B-9D9A-CFA7-CB3E60D1CEDC}.Release|Any CPU.ActiveCfg = Release|Any CPU
		{23F74C2A-DC3B-9D9A-CFA7-CB3E60D1CEDC}.Release|Any CPU.Build.0 = Release|Any CPU
		{8321ACCB-3390-68D6-43ED-E6B1AF373E5B}.Debug|Any CPU.ActiveCfg = Debug|Any CPU
		{8321ACCB-3390-68D6-43ED-E6B1AF373E5B}.Debug|Any CPU.Build.0 = Debug|Any CPU
		{8321ACCB-3390-68D6-43ED-E6B1AF373E5B}.Release|Any CPU.ActiveCfg = Release|Any CPU
		{8321ACCB-3390-68D6-43ED-E6B1AF373E5B}.Release|Any CPU.Build.0 = Release|Any CPU
	EndGlobalSection
	GlobalSection(SolutionProperties) = preSolution
		HideSolutionNode = FALSE
	EndGlobalSection
EndGlobal
